
Microsoft Visual Studio Solution File, Format Version 12.00
# Visual Studio Version 17
VisualStudioVersion = 17.14.36429.23
MinimumVisualStudioVersion = 10.0.40219.1
Project("{FAE04EC0-301F-11D3-BF4B-00C04F79EFBC}") = "Delivery.Core", "Delivery.Core.csproj", "{2379AB45-63E1-457C-84B1-83159595F98B}"
EndProject
Project("{FAE04EC0-301F-11D3-BF4B-00C04F79EFBC}") = "Delivery.Utils", "..\Delivery.Utils\Delivery.Utils.csproj", "{781CCC8C-6182-4C31-A269-079A2388D0DC}"
EndProject
Project("{FAE04EC0-301F-11D3-BF4B-00C04F79EFBC}") = "Delivery.Factories", "..\Delivery.Factories\Delivery.Factories.csproj", "{65DE2334-ED71-4E99-A0DB-7BC921B436F2}"
EndProject
Project("{FAE04EC0-301F-11D3-BF4B-00C04F79EFBC}") = "Delivery.Pricing", "..\Delivery.Pricing\Delivery.Pricing.csproj", "{C7560F3D-8102-467B-82BA-3164EE5ED622}"
EndProject
Project("{FAE04EC0-301F-11D3-BF4B-00C04F79EFBC}") = "Delivery.Services", "..\Delivery.Services\Delivery.Services.csproj", "{BBBF0652-3832-4CB0-87A7-6AAE6F9F07EC}"
EndProject
Project("{FAE04EC0-301F-11D3-BF4B-00C04F79EFBC}") = "Delivery.Tests", "..\Delivery.Tests\Delivery.Tests.csproj", "{AB5DB899-255E-41B6-AC5B-581C2DA812EA}"
EndProject
Global
	GlobalSection(SolutionConfigurationPlatforms) = preSolution
		Debug|Any CPU = Debug|Any CPU
		Release|Any CPU = Release|Any CPU
	EndGlobalSection
	GlobalSection(ProjectConfigurationPlatforms) = postSolution
		{2379AB45-63E1-457C-84B1-83159595F98B}.Debug|Any CPU.ActiveCfg = Debug|Any CPU
		{2379AB45-63E1-457C-84B1-83159595F98B}.Debug|Any CPU.Build.0 = Debug|Any CPU
		{2379AB45-63E1-457C-84B1-83159595F98B}.Release|Any CPU.ActiveCfg = Release|Any CPU
		{2379AB45-63E1-457C-84B1-83159595F98B}.Release|Any CPU.Build.0 = Release|Any CPU
		{781CCC8C-6182-4C31-A269-079A2388D0DC}.Debug|Any CPU.ActiveCfg = Debug|Any CPU
		{781CCC8C-6182-4C31-A269-079A2388D0DC}.Debug|Any CPU.Build.0 = Debug|Any CPU
		{781CCC8C-6182-4C31-A269-079A2388D0DC}.Release|Any CPU.ActiveCfg = Release|Any CPU
		{781CCC8C-6182-4C31-A269-079A2388D0DC}.Release|Any CPU.Build.0 = Release|Any CPU
		{65DE2334-ED71-4E99-A0DB-7BC921B436F2}.Debug|Any CPU.ActiveCfg = Debug|Any CPU
		{65DE2334-ED71-4E99-A0DB-7BC921B436F2}.Debug|Any CPU.Build.0 = Debug|Any CPU
		{65DE2334-ED71-4E99-A0DB-7BC921B436F2}.Release|Any CPU.ActiveCfg = Release|Any CPU
		{65DE2334-ED71-4E99-A0DB-7BC921B436F2}.Release|Any CPU.Build.0 = Release|Any CPU
		{C7560F3D-8102-467B-82BA-3164EE5ED622}.Debug|Any CPU.ActiveCfg = Debug|Any CPU
		{C7560F3D-8102-467B-82BA-3164EE5ED622}.Debug|Any CPU.Build.0 = Debug|Any CPU
		{C7560F3D-8102-467B-82BA-3164EE5ED622}.Release|Any CPU.ActiveCfg = Release|Any CPU
		{C7560F3D-8102-467B-82BA-3164EE5ED622}.Release|Any CPU.Build.0 = Release|Any CPU
		{BBBF0652-3832-4CB0-87A7-6AAE6F9F07EC}.Debug|Any CPU.ActiveCfg = Debug|Any CPU
		{BBBF0652-3832-4CB0-87A7-6AAE6F9F07EC}.Debug|Any CPU.Build.0 = Debug|Any CPU
		{BBBF0652-3832-4CB0-87A7-6AAE6F9F07EC}.Release|Any CPU.ActiveCfg = Release|Any CPU
		{BBBF0652-3832-4CB0-87A7-6AAE6F9F07EC}.Release|Any CPU.Build.0 = Release|Any CPU
		{AB5DB899-255E-41B6-AC5B-581C2DA812EA}.Debug|Any CPU.ActiveCfg = Debug|Any CPU
		{AB5DB899-255E-41B6-AC5B-581C2DA812EA}.Debug|Any CPU.Build.0 = Debug|Any CPU
		{AB5DB899-255E-41B6-AC5B-581C2DA812EA}.Release|Any CPU.ActiveCfg = Release|Any CPU
		{AB5DB899-255E-41B6-AC5B-581C2DA812EA}.Release|Any CPU.Build.0 = Release|Any CPU
	EndGlobalSection
	GlobalSection(SolutionProperties) = preSolution
		HideSolutionNode = FALSE
	EndGlobalSection
	GlobalSection(ExtensibilityGlobals) = postSolution
		SolutionGuid = {FF149EF1-EC40-4D09-94FB-185CC3F1A8A9}
	EndGlobalSection
EndGlobal
